
Microsoft Visual Studio Solution File, Format Version 12.00
# Visual Studio 2013
VisualStudioVersion = 12.0.30723.0
MinimumVisualStudioVersion = 10.0.40219.1
Project("{2150E333-8FDC-42A3-9474-1A3956D46DE8}") = "Business", "Business", "{E2D902AD-C369-4FA8-B18A-FF84F8AA8D23}"
EndProject
Project("{2150E333-8FDC-42A3-9474-1A3956D46DE8}") = "Client", "Client", "{6A211FBC-0D63-46B5-80F0-84789AA857EA}"
EndProject
Project("{FAE04EC0-301F-11D3-BF4B-00C04F79EFBC}") = "CarRental.Business.Entities", "CarRental.Business.Entities\CarRental.Business.Entities.csproj", "{95DEA7A7-9B0F-449C-9DE7-B60DB17C3C35}"
EndProject
Project("{FAE04EC0-301F-11D3-BF4B-00C04F79EFBC}") = "CarRental.Client.Entities", "CarRental.Client.Entities\CarRental.Client.Entities.csproj", "{7E4FCF5A-BFBD-48FD-ACE0-572777F790E4}"
EndProject
Project("{2150E333-8FDC-42A3-9474-1A3956D46DE8}") = "Core", "Core", "{865A8D00-ED87-498C-AD24-B5F476C8ECCF}"
EndProject
Project("{FAE04EC0-301F-11D3-BF4B-00C04F79EFBC}") = "Core.Common", "Core.Common\Core.Common.csproj", "{CAB36D83-17B7-4905-B546-7E2BB66C65B0}"
EndProject
Project("{FAE04EC0-301F-11D3-BF4B-00C04F79EFBC}") = "Core.Common.Contracts", "Core.Common.Contracts\Core.Common.Contracts.csproj", "{B6C8BA23-704B-44F7-95A5-35DDF928B6C8}"
EndProject
Project("{2150E333-8FDC-42A3-9474-1A3956D46DE8}") = "Tests", "Tests", "{B82A24BB-F8DE-482F-9369-C52B9D62AFDC}"
EndProject
Project("{FAE04EC0-301F-11D3-BF4B-00C04F79EFBC}") = "Core.Common.Tests", "Core.Common.Tests\Core.Common.Tests.csproj", "{AAE632AE-5BFB-4374-9E25-5D38E592B7A7}"
EndProject
Project("{2150E333-8FDC-42A3-9474-1A3956D46DE8}") = "Resource Access", "Resource Access", "{627466CC-947C-4D8F-826A-20D58C3BE995}"
EndProject
Project("{FAE04EC0-301F-11D3-BF4B-00C04F79EFBC}") = "CarRental.Data", "CarRental.Data\CarRental.Data.csproj", "{3B781BA2-E5AA-4C19-BFCE-F66BA2B006D9}"
EndProject
Project("{FAE04EC0-301F-11D3-BF4B-00C04F79EFBC}") = "CarRental.Data.Contracts", "CarRental.Data.Contracts\CarRental.Data.Contracts.csproj", "{A57C228B-926C-491D-91DB-1F97E95990F6}"
EndProject
Project("{FAE04EC0-301F-11D3-BF4B-00C04F79EFBC}") = "CarRental.Data.Tests", "CarRental.Data.Tests\CarRental.Data.Tests.csproj", "{493DD568-12D6-4F5E-A7BB-965EFCBC6B9B}"
EndProject
Project("{FAE04EC0-301F-11D3-BF4B-00C04F79EFBC}") = "CarRental.Business.Bootstrapper", "CarRental.Business.Bootstrapper\CarRental.Business.Bootstrapper.csproj", "{47BC076E-F9CA-487E-A333-BFCBCFF47FE7}"
EndProject
Global
	GlobalSection(SolutionConfigurationPlatforms) = preSolution
		Debug|Any CPU = Debug|Any CPU
		Release|Any CPU = Release|Any CPU
	EndGlobalSection
	GlobalSection(ProjectConfigurationPlatforms) = postSolution
		{95DEA7A7-9B0F-449C-9DE7-B60DB17C3C35}.Debug|Any CPU.ActiveCfg = Debug|Any CPU
		{95DEA7A7-9B0F-449C-9DE7-B60DB17C3C35}.Debug|Any CPU.Build.0 = Debug|Any CPU
		{95DEA7A7-9B0F-449C-9DE7-B60DB17C3C35}.Release|Any CPU.ActiveCfg = Release|Any CPU
		{95DEA7A7-9B0F-449C-9DE7-B60DB17C3C35}.Release|Any CPU.Build.0 = Release|Any CPU
		{7E4FCF5A-BFBD-48FD-ACE0-572777F790E4}.Debug|Any CPU.ActiveCfg = Debug|Any CPU
		{7E4FCF5A-BFBD-48FD-ACE0-572777F790E4}.Debug|Any CPU.Build.0 = Debug|Any CPU
		{7E4FCF5A-BFBD-48FD-ACE0-572777F790E4}.Release|Any CPU.ActiveCfg = Release|Any CPU
		{7E4FCF5A-BFBD-48FD-ACE0-572777F790E4}.Release|Any CPU.Build.0 = Release|Any CPU
		{CAB36D83-17B7-4905-B546-7E2BB66C65B0}.Debug|Any CPU.ActiveCfg = Debug|Any CPU
		{CAB36D83-17B7-4905-B546-7E2BB66C65B0}.Debug|Any CPU.Build.0 = Debug|Any CPU
		{CAB36D83-17B7-4905-B546-7E2BB66C65B0}.Release|Any CPU.ActiveCfg = Release|Any CPU
		{CAB36D83-17B7-4905-B546-7E2BB66C65B0}.Release|Any CPU.Build.0 = Release|Any CPU
		{B6C8BA23-704B-44F7-95A5-35DDF928B6C8}.Debug|Any CPU.ActiveCfg = Debug|Any CPU
		{B6C8BA23-704B-44F7-95A5-35DDF928B6C8}.Debug|Any CPU.Build.0 = Debug|Any CPU
		{B6C8BA23-704B-44F7-95A5-35DDF928B6C8}.Release|Any CPU.ActiveCfg = Release|Any CPU
		{B6C8BA23-704B-44F7-95A5-35DDF928B6C8}.Release|Any CPU.Build.0 = Release|Any CPU
		{AAE632AE-5BFB-4374-9E25-5D38E592B7A7}.Debug|Any CPU.ActiveCfg = Debug|Any CPU
		{AAE632AE-5BFB-4374-9E25-5D38E592B7A7}.Debug|Any CPU.Build.0 = Debug|Any CPU
		{AAE632AE-5BFB-4374-9E25-5D38E592B7A7}.Release|Any CPU.ActiveCfg = Release|Any CPU
		{AAE632AE-5BFB-4374-9E25-5D38E592B7A7}.Release|Any CPU.Build.0 = Release|Any CPU
		{3B781BA2-E5AA-4C19-BFCE-F66BA2B006D9}.Debug|Any CPU.ActiveCfg = Debug|Any CPU
		{3B781BA2-E5AA-4C19-BFCE-F66BA2B006D9}.Debug|Any CPU.Build.0 = Debug|Any CPU
		{3B781BA2-E5AA-4C19-BFCE-F66BA2B006D9}.Release|Any CPU.ActiveCfg = Release|Any CPU
		{3B781BA2-E5AA-4C19-BFCE-F66BA2B006D9}.Release|Any CPU.Build.0 = Release|Any CPU
		{A57C228B-926C-491D-91DB-1F97E95990F6}.Debug|Any CPU.ActiveCfg = Debug|Any CPU
		{A57C228B-926C-491D-91DB-1F97E95990F6}.Debug|Any CPU.Build.0 = Debug|Any CPU
		{A57C228B-926C-491D-91DB-1F97E95990F6}.Release|Any CPU.ActiveCfg = Release|Any CPU
		{A57C228B-926C-491D-91DB-1F97E95990F6}.Release|Any CPU.Build.0 = Release|Any CPU
		{493DD568-12D6-4F5E-A7BB-965EFCBC6B9B}.Debug|Any CPU.ActiveCfg = Debug|Any CPU
		{493DD568-12D6-4F5E-A7BB-965EFCBC6B9B}.Debug|Any CPU.Build.0 = Debug|Any CPU
		{493DD568-12D6-4F5E-A7BB-965EFCBC6B9B}.Release|Any CPU.ActiveCfg = Release|Any CPU
		{493DD568-12D6-4F5E-A7BB-965EFCBC6B9B}.Release|Any CPU.Build.0 = Release|Any CPU
		{47BC076E-F9CA-487E-A333-BFCBCFF47FE7}.Debug|Any CPU.ActiveCfg = Debug|Any CPU
		{47BC076E-F9CA-487E-A333-BFCBCFF47FE7}.Debug|Any CPU.Build.0 = Debug|Any CPU
		{47BC076E-F9CA-487E-A333-BFCBCFF47FE7}.Release|Any CPU.ActiveCfg = Release|Any CPU
		{47BC076E-F9CA-487E-A333-BFCBCFF47FE7}.Release|Any CPU.Build.0 = Release|Any CPU
	EndGlobalSection
	GlobalSection(SolutionProperties) = preSolution
		HideSolutionNode = FALSE
	EndGlobalSection
	GlobalSection(NestedProjects) = preSolution
		{95DEA7A7-9B0F-449C-9DE7-B60DB17C3C35} = {E2D902AD-C369-4FA8-B18A-FF84F8AA8D23}
		{7E4FCF5A-BFBD-48FD-ACE0-572777F790E4} = {6A211FBC-0D63-46B5-80F0-84789AA857EA}
		{CAB36D83-17B7-4905-B546-7E2BB66C65B0} = {865A8D00-ED87-498C-AD24-B5F476C8ECCF}
		{B6C8BA23-704B-44F7-95A5-35DDF928B6C8} = {865A8D00-ED87-498C-AD24-B5F476C8ECCF}
		{AAE632AE-5BFB-4374-9E25-5D38E592B7A7} = {B82A24BB-F8DE-482F-9369-C52B9D62AFDC}
		{3B781BA2-E5AA-4C19-BFCE-F66BA2B006D9} = {627466CC-947C-4D8F-826A-20D58C3BE995}
		{A57C228B-926C-491D-91DB-1F97E95990F6} = {627466CC-947C-4D8F-826A-20D58C3BE995}
		{493DD568-12D6-4F5E-A7BB-965EFCBC6B9B} = {B82A24BB-F8DE-482F-9369-C52B9D62AFDC}
		{47BC076E-F9CA-487E-A333-BFCBCFF47FE7} = {E2D902AD-C369-4FA8-B18A-FF84F8AA8D23}
	EndGlobalSection
EndGlobal
